
Microsoft Visual Studio Solution File, Format Version 12.00
# Visual Studio 15
VisualStudioVersion = 15.0.26124.0
MinimumVisualStudioVersion = 15.0.26124.0
Project("{2150E333-8FDC-42A3-9474-1A3956D46DE8}") = "src", "src", "{E88DE0FF-4C19-4776-953F-981B54E94B65}"
EndProject
Project("{FAE04EC0-301F-11D3-BF4B-00C04F79EFBC}") = "Conference.Domain", "src\Conference.Domain\Conference.Domain.csproj", "{E3C951F8-0098-4DE8-80E6-EA5AE5DA348B}"
EndProject
Project("{FAE04EC0-301F-11D3-BF4B-00C04F79EFBC}") = "Conference.Web", "src\Conference.Web\Conference.Web.csproj", "{8DE07D15-80AE-4B23-8521-E80EFA414A5E}"
EndProject
Project("{2150E333-8FDC-42A3-9474-1A3956D46DE8}") = "test", "test", "{B78606D7-9C85-43C7-BBC6-2BE10AAF49B4}"
EndProject
Project("{FAE04EC0-301F-11D3-BF4B-00C04F79EFBC}") = "Conference.Domain.Tests", "test\Conference.Domain.Tests\Conference.Domain.Tests.csproj", "{3743ECBD-2645-4CCC-A3AF-AE247D0F1407}"
EndProject
Global
	GlobalSection(SolutionConfigurationPlatforms) = preSolution
		Debug|Any CPU = Debug|Any CPU
		Debug|x64 = Debug|x64
		Debug|x86 = Debug|x86
		Release|Any CPU = Release|Any CPU
		Release|x64 = Release|x64
		Release|x86 = Release|x86
	EndGlobalSection
	GlobalSection(SolutionProperties) = preSolution
		HideSolutionNode = FALSE
	EndGlobalSection
	GlobalSection(ProjectConfigurationPlatforms) = postSolution
		{E3C951F8-0098-4DE8-80E6-EA5AE5DA348B}.Debug|Any CPU.ActiveCfg = Debug|Any CPU
		{E3C951F8-0098-4DE8-80E6-EA5AE5DA348B}.Debug|Any CPU.Build.0 = Debug|Any CPU
		{E3C951F8-0098-4DE8-80E6-EA5AE5DA348B}.Debug|x64.ActiveCfg = Debug|Any CPU
		{E3C951F8-0098-4DE8-80E6-EA5AE5DA348B}.Debug|x64.Build.0 = Debug|Any CPU
		{E3C951F8-0098-4DE8-80E6-EA5AE5DA348B}.Debug|x86.ActiveCfg = Debug|Any CPU
		{E3C951F8-0098-4DE8-80E6-EA5AE5DA348B}.Debug|x86.Build.0 = Debug|Any CPU
		{E3C951F8-0098-4DE8-80E6-EA5AE5DA348B}.Release|Any CPU.ActiveCfg = Release|Any CPU
		{E3C951F8-0098-4DE8-80E6-EA5AE5DA348B}.Release|Any CPU.Build.0 = Release|Any CPU
		{E3C951F8-0098-4DE8-80E6-EA5AE5DA348B}.Release|x64.ActiveCfg = Release|Any CPU
		{E3C951F8-0098-4DE8-80E6-EA5AE5DA348B}.Release|x64.Build.0 = Release|Any CPU
		{E3C951F8-0098-4DE8-80E6-EA5AE5DA348B}.Release|x86.ActiveCfg = Release|Any CPU
		{E3C951F8-0098-4DE8-80E6-EA5AE5DA348B}.Release|x86.Build.0 = Release|Any CPU
		{8DE07D15-80AE-4B23-8521-E80EFA414A5E}.Debug|Any CPU.ActiveCfg = Debug|Any CPU
		{8DE07D15-80AE-4B23-8521-E80EFA414A5E}.Debug|Any CPU.Build.0 = Debug|Any CPU
		{8DE07D15-80AE-4B23-8521-E80EFA414A5E}.Debug|x64.ActiveCfg = Debug|Any CPU
		{8DE07D15-80AE-4B23-8521-E80EFA414A5E}.Debug|x64.Build.0 = Debug|Any CPU
		{8DE07D15-80AE-4B23-8521-E80EFA414A5E}.Debug|x86.ActiveCfg = Debug|Any CPU
		{8DE07D15-80AE-4B23-8521-E80EFA414A5E}.Debug|x86.Build.0 = Debug|Any CPU
		{8DE07D15-80AE-4B23-8521-E80EFA414A5E}.Release|Any CPU.ActiveCfg = Release|Any CPU
		{8DE07D15-80AE-4B23-8521-E80EFA414A5E}.Release|Any CPU.Build.0 = Release|Any CPU
		{8DE07D15-80AE-4B23-8521-E80EFA414A5E}.Release|x64.ActiveCfg = Release|Any CPU
		{8DE07D15-80AE-4B23-8521-E80EFA414A5E}.Release|x64.Build.0 = Release|Any CPU
		{8DE07D15-80AE-4B23-8521-E80EFA414A5E}.Release|x86.ActiveCfg = Release|Any CPU
		{8DE07D15-80AE-4B23-8521-E80EFA414A5E}.Release|x86.Build.0 = Release|Any CPU
		{3743ECBD-2645-4CCC-A3AF-AE247D0F1407}.Debug|Any CPU.ActiveCfg = Debug|Any CPU
		{3743ECBD-2645-4CCC-A3AF-AE247D0F1407}.Debug|Any CPU.Build.0 = Debug|Any CPU
		{3743ECBD-2645-4CCC-A3AF-AE247D0F1407}.Debug|x64.ActiveCfg = Debug|Any CPU
		{3743ECBD-2645-4CCC-A3AF-AE247D0F1407}.Debug|x64.Build.0 = Debug|Any CPU
		{3743ECBD-2645-4CCC-A3AF-AE247D0F1407}.Debug|x86.ActiveCfg = Debug|Any CPU
		{3743ECBD-2645-4CCC-A3AF-AE247D0F1407}.Debug|x86.Build.0 = Debug|Any CPU
		{3743ECBD-2645-4CCC-A3AF-AE247D0F1407}.Release|Any CPU.ActiveCfg = Release|Any CPU
		{3743ECBD-2645-4CCC-A3AF-AE247D0F1407}.Release|Any CPU.Build.0 = Release|Any CPU
		{3743ECBD-2645-4CCC-A3AF-AE247D0F1407}.Release|x64.ActiveCfg = Release|Any CPU
		{3743ECBD-2645-4CCC-A3AF-AE247D0F1407}.Release|x64.Build.0 = Release|Any CPU
		{3743ECBD-2645-4CCC-A3AF-AE247D0F1407}.Release|x86.ActiveCfg = Release|Any CPU
		{3743ECBD-2645-4CCC-A3AF-AE247D0F1407}.Release|x86.Build.0 = Release|Any CPU
	EndGlobalSection
	GlobalSection(NestedProjects) = preSolution
		{E3C951F8-0098-4DE8-80E6-EA5AE5DA348B} = {E88DE0FF-4C19-4776-953F-981B54E94B65}
		{8DE07D15-80AE-4B23-8521-E80EFA414A5E} = {E88DE0FF-4C19-4776-953F-981B54E94B65}
		{3743ECBD-2645-4CCC-A3AF-AE247D0F1407} = {B78606D7-9C85-43C7-BBC6-2BE10AAF49B4}
	EndGlobalSection
EndGlobal
